<?xml version="1.0" encoding="utf-8"?>
<Project ToolsVersion="4.0" xmlns="http://schemas.microsoft.com/developer/msbuild/2003">
  <ItemGroup>
    <ClCompile Include="main.cpp" />
    <ClCompile Include="Sprite3D.cpp" />
    <ClCompile Include="Light.cpp" />
    <ClCompile Include="Sprite2D.cpp" />
    <ClCompile Include="Scene\GamePlay.cpp" />
    <ClCompile Include="Scene\SceneBase.cpp" />
    <ClCompile Include="Camera.cpp" />
    <ClCompile Include="Component\Component.cpp" />
    <ClCompile Include="Component\AnimationComponent.cpp" />
    <ClCompile Include="Component\MeshComponent.cpp" />
    <ClCompile Include="Component\SkeletonComponent.cpp" />
    <ClCompile Include="Component\TransformComponent.cpp" />
    <ClCompile Include="Component\PlayerMoveComponent.cpp" />
    <ClCompile Include="Actor\PlayerActor.cpp" />
    <ClCompile Include="Actor\CubeActor.cpp" />
    <ClCompile Include="Actor\Actor.cpp" />
    <ClCompile Include="Component\Collider\Collider.cpp" />
    <ClCompile Include="Component\Collider\BoxComponent.cpp" />
    <ClCompile Include="Utility\Input.cpp" />
    <ClCompile Include="Utility\Math.cpp" />
    <ClCompile Include="Utility\Collision.cpp" />
    <ClCompile Include="System\GameSystem.cpp" />
    <ClCompile Include="System\Physics.cpp" />
    <ClCompile Include="System\Renderer.cpp" />
    <ClCompile Include="System\BGM.cpp" />
    <ClCompile Include="System\SE.cpp" />
    <ClCompile Include="System\Sound.cpp" />
    <ClCompile Include="System\Random.cpp" />
    <ClCompile Include="System\IDManager.cpp" />
    <ClCompile Include="UI\UI.cpp" />
    <ClCompile Include="UI\Pause.cpp" />
    <ClCompile Include="UI\UIManager.cpp" />
    <ClCompile Include="Actor\ActorManager.cpp" />
    <ClCompile Include="Actor\ComponentManagementOfActor.cpp" />
    <ClCompile Include="Singleton.cpp" />
  </ItemGroup>
  <ItemGroup>
    <ClInclude Include="Sprite3D.h" />
    <ClInclude Include="Light.h" />
    <ClInclude Include="Sprite2D.h" />
    <ClInclude Include="Scene\GamePlay.h" />
    <ClInclude Include="Scene\SceneBase.h" />
    <ClInclude Include="Camera.h" />
    <ClInclude Include="Component\Component.h" />
    <ClInclude Include="Component\AnimationComponent.h" />
    <ClInclude Include="Component\MeshComponent.h" />
    <ClInclude Include="Component\SkeletonComponent.h" />
    <ClInclude Include="Component\TransformComponent.h" />
    <ClInclude Include="Component\PlayerMoveComponent.h" />
    <ClInclude Include="Actor\PlayerActor.h" />
    <ClInclude Include="Actor\CubeActor.h" />
    <ClInclude Include="Actor\Actor.h" />
    <ClInclude Include="Component\Collider\Collider.h" />
    <ClInclude Include="Component\Collider\BoxComponent.h" />
    <ClInclude Include="Utility\Input.h" />
    <ClInclude Include="Utility\Math.h" />
    <ClInclude Include="Utility\Collision.h" />
    <ClInclude Include="System\GameSystem.h" />
    <ClInclude Include="System\Physics.h" />
    <ClInclude Include="System\Renderer.h" />
    <ClInclude Include="System\BGM.h" />
    <ClInclude Include="System\SE.h" />
    <ClInclude Include="System\Sound.h" />
    <ClInclude Include="System\Random.h" />
    <ClInclude Include="System\IDManager.h" />
    <ClInclude Include="UI\UI.h" />
    <ClInclude Include="UI\Pause.h" />
    <ClInclude Include="UI\UIManager.h" />
    <ClInclude Include="Actor\ActorManager.h" />
    <ClInclude Include="Scene\IGameMediator.h" />
    <ClInclude Include="Actor\ComponentManagementOfActor.h" />
    <ClInclude Include="Singleton.h" />
  </ItemGroup>
</Project>