<?xml version="1.0" encoding="utf-8"?>
<Project ToolsVersion="4.0" xmlns="http://schemas.microsoft.com/developer/msbuild/2003">
  <ItemGroup>
    <ClCompile Include="main.cpp" />
    <ClCompile Include="Sprite3D.cpp" />
    <ClCompile Include="View.cpp" />
    <ClCompile Include="Light.cpp" />
    <ClCompile Include="StringRenderer.cpp" />
    <ClCompile Include="BGM.cpp" />
    <ClCompile Include="Sound.cpp" />
    <ClCompile Include="SE.cpp" />
    <ClCompile Include="Sprite2D.cpp" />
    <ClCompile Include="Component.cpp" />
    <ClCompile Include="Actor.cpp" />
    <ClCompile Include="Scene\GamePlay.cpp" />
    <ClCompile Include="Scene\SceneBase.cpp" />
    <ClCompile Include="PlayerActor.cpp" />
    <ClCompile Include="PlayerMoveComponent.cpp" />
    <ClCompile Include="OctreeActor.cpp" />
    <ClCompile Include="SkyBoxActor.cpp" />
    <ClCompile Include="CubeActor.cpp" />
    <ClCompile Include="Camera.cpp" />
    <ClCompile Include="TransformComponent.cpp" />
    <ClCompile Include="MeshComponent.cpp" />
    <ClCompile Include="IDManager.cpp" />
    <ClCompile Include="AnimationComponent.cpp" />
    <ClCompile Include="Renderer.cpp" />
    <ClCompile Include="SkeletonComponent.cpp" />
  </ItemGroup>
  <ItemGroup>
    <ClInclude Include="Sprite3D.h" />
    <ClInclude Include="View.h" />
    <ClInclude Include="Light.h" />
    <ClInclude Include="StringRenderer.h" />
    <ClInclude Include="BGM.h" />
    <ClInclude Include="Sound.h" />
    <ClInclude Include="SE.h" />
    <ClInclude Include="Sprite2D.h" />
    <ClInclude Include="Component.h" />
    <ClInclude Include="Actor.h" />
    <ClInclude Include="Scene\GamePlay.h" />
    <ClInclude Include="Scene\SceneBase.h" />
    <ClInclude Include="PlayerActor.h" />
    <ClInclude Include="PlayerMoveComponent.h" />
    <ClInclude Include="OctreeActor.h" />
    <ClInclude Include="SkyBoxActor.h" />
    <ClInclude Include="CubeActor.h" />
    <ClInclude Include="Camera.h" />
    <ClInclude Include="TransformComponent.h" />
    <ClInclude Include="MeshComponent.h" />
    <ClInclude Include="IDManager.h" />
    <ClInclude Include="AnimationComponent.h" />
    <ClInclude Include="Renderer.h" />
    <ClInclude Include="SkeletonComponent.h" />
  </ItemGroup>
</Project>